
Microsoft Visual Studio Solution File, Format Version 12.00
# Visual Studio Version 17
VisualStudioVersion = 17.14.36518.9 d17.14
MinimumVisualStudioVersion = 10.0.40219.1
Project("{FAE04EC0-301F-11D3-BF4B-00C04F79EFBC}") = "RSA Encryption & Decryption", "RSA Encryption & Decryption\RSA Encryption & Decryption.csproj", "{BDDD2452-07BC-4D1E-A67C-E7EEF48A905B}"
EndProject
Global
	GlobalSection(SolutionConfigurationPlatforms) = preSolution
		Debug|Any CPU = Debug|Any CPU
		Release|Any CPU = Release|Any CPU
	EndGlobalSection
	GlobalSection(ProjectConfigurationPlatforms) = postSolution
		{BDDD2452-07BC-4D1E-A67C-E7EEF48A905B}.Debug|Any CPU.ActiveCfg = Debug|Any CPU
		{BDDD2452-07BC-4D1E-A67C-E7EEF48A905B}.Debug|Any CPU.Build.0 = Debug|Any CPU
		{BDDD2452-07BC-4D1E-A67C-E7EEF48A905B}.Release|Any CPU.ActiveCfg = Release|Any CPU
		{BDDD2452-07BC-4D1E-A67C-E7EEF48A905B}.Release|Any CPU.Build.0 = Release|Any CPU
	EndGlobalSection
	GlobalSection(SolutionProperties) = preSolution
		HideSolutionNode = FALSE
	EndGlobalSection
	GlobalSection(ExtensibilityGlobals) = postSolution
		SolutionGuid = {07D0A6EE-43C0-475F-9DBF-7DE504188E8D}
	EndGlobalSection
EndGlobal
